
Microsoft Visual Studio Solution File, Format Version 12.00
Project("{2150E333-8FDC-42A3-9474-1A3956D46DE8}") = "Backend", "Backend", "{3EAF2E86-7F73-48DB-B65C-6ED906595A87}"
EndProject
Project("{2150E333-8FDC-42A3-9474-1A3956D46DE8}") = "Solution Items", "Solution Items", "{7182C619-788C-490E-AE48-B1B4510D6783}"
	ProjectSection(SolutionItems) = preProject
		compose.yaml = compose.yaml
	EndProjectSection
EndProject
Project("{FAE04EC0-301F-11D3-BF4B-00C04F79EFBC}") = "Domain", "Domain\Domain.csproj", "{A9129D78-6A43-45F6-8647-A5CADAB30C98}"
EndProject
Project("{FAE04EC0-301F-11D3-BF4B-00C04F79EFBC}") = "Application", "Application\Application.csproj", "{5B965498-52E7-4C92-A89C-77DF6703E885}"
EndProject
Project("{FAE04EC0-301F-11D3-BF4B-00C04F79EFBC}") = "Api", "Api\Api.csproj", "{25B58B12-96CE-45A3-9776-7637EEE18FAE}"
EndProject
Global
	GlobalSection(SolutionConfigurationPlatforms) = preSolution
		Debug|Any CPU = Debug|Any CPU
		Release|Any CPU = Release|Any CPU
	EndGlobalSection
	GlobalSection(NestedProjects) = preSolution
		{A9129D78-6A43-45F6-8647-A5CADAB30C98} = {3EAF2E86-7F73-48DB-B65C-6ED906595A87}
		{5B965498-52E7-4C92-A89C-77DF6703E885} = {3EAF2E86-7F73-48DB-B65C-6ED906595A87}
		{25B58B12-96CE-45A3-9776-7637EEE18FAE} = {3EAF2E86-7F73-48DB-B65C-6ED906595A87}
	EndGlobalSection
	GlobalSection(ProjectConfigurationPlatforms) = postSolution
		{A9129D78-6A43-45F6-8647-A5CADAB30C98}.Debug|Any CPU.ActiveCfg = Debug|Any CPU
		{A9129D78-6A43-45F6-8647-A5CADAB30C98}.Debug|Any CPU.Build.0 = Debug|Any CPU
		{A9129D78-6A43-45F6-8647-A5CADAB30C98}.Release|Any CPU.ActiveCfg = Release|Any CPU
		{A9129D78-6A43-45F6-8647-A5CADAB30C98}.Release|Any CPU.Build.0 = Release|Any CPU
		{5B965498-52E7-4C92-A89C-77DF6703E885}.Debug|Any CPU.ActiveCfg = Debug|Any CPU
		{5B965498-52E7-4C92-A89C-77DF6703E885}.Debug|Any CPU.Build.0 = Debug|Any CPU
		{5B965498-52E7-4C92-A89C-77DF6703E885}.Release|Any CPU.ActiveCfg = Release|Any CPU
		{5B965498-52E7-4C92-A89C-77DF6703E885}.Release|Any CPU.Build.0 = Release|Any CPU
		{25B58B12-96CE-45A3-9776-7637EEE18FAE}.Debug|Any CPU.ActiveCfg = Debug|Any CPU
		{25B58B12-96CE-45A3-9776-7637EEE18FAE}.Debug|Any CPU.Build.0 = Debug|Any CPU
		{25B58B12-96CE-45A3-9776-7637EEE18FAE}.Release|Any CPU.ActiveCfg = Release|Any CPU
		{25B58B12-96CE-45A3-9776-7637EEE18FAE}.Release|Any CPU.Build.0 = Release|Any CPU
	EndGlobalSection
EndGlobal
